
Microsoft Visual Studio Solution File, Format Version 12.00
# Visual Studio 15
VisualStudioVersion = 15.0.27703.2026
MinimumVisualStudioVersion = 10.0.40219.1
Project("{FAE04EC0-301F-11D3-BF4B-00C04F79EFBC}") = "Square-Area", "Square-Area\Square-Area.csproj", "{745B9B4E-885B-4B39-B4CA-538E5244872B}"
EndProject
Project("{FAE04EC0-301F-11D3-BF4B-00C04F79EFBC}") = "InchesToCentimeters", "InchesToCentimeters\InchesToCentimeters.csproj", "{FE9227FC-620B-431A-B1CA-F4CAF85564CC}"
EndProject
Project("{FAE04EC0-301F-11D3-BF4B-00C04F79EFBC}") = "GreetingbyName", "GreetingbyName\GreetingbyName.csproj", "{4B794D1D-94D3-43A3-BC0F-5A0CC5F54E0E}"
EndProject
Project("{FAE04EC0-301F-11D3-BF4B-00C04F79EFBC}") = "ConcatenateData", "ConcatenateData\ConcatenateData.csproj", "{14593D94-E9FF-4B7F-AE50-05F5C6FE5964}"
EndProject
Project("{FAE04EC0-301F-11D3-BF4B-00C04F79EFBC}") = "TrapezoidArea", "TrapezoidArea\TrapezoidArea.csproj", "{41452ABD-1442-4A01-9F8E-DDF4F6E35C92}"
EndProject
Project("{9A19103F-16F7-4668-BE54-9A1E7A4F7556}") = "Circle", "Circle\Circle.csproj", "{7BFEE9A4-AE81-43E6-BBBB-4F628B983B51}"
EndProject
Project("{FAE04EC0-301F-11D3-BF4B-00C04F79EFBC}") = "CircleNET", "CircleNET\CircleNET.csproj", "{517B5310-8897-48C1-9F96-36BDC3839318}"
EndProject
Project("{FAE04EC0-301F-11D3-BF4B-00C04F79EFBC}") = "Triangle", "Triangle\Triangle.csproj", "{A784E7C1-05A9-45AC-85FF-C0415F3CC34A}"
EndProject
Project("{FAE04EC0-301F-11D3-BF4B-00C04F79EFBC}") = "CelsiusFarenheit", "CelsiusFarenheit\CelsiusFarenheit.csproj", "{8F379672-15F2-4E84-BA7E-9C922924F14E}"
EndProject
Project("{FAE04EC0-301F-11D3-BF4B-00C04F79EFBC}") = "RadiansDegrees", "RadiansDegrees\RadiansDegrees.csproj", "{B878D691-3F09-4A76-AE07-7DB038EF07E7}"
EndProject
Project("{FAE04EC0-301F-11D3-BF4B-00C04F79EFBC}") = "BirthDay", "BirthDay\BirthDay.csproj", "{A0E75107-460F-4939-B52D-A7484CACB28C}"
EndProject
Project("{FAE04EC0-301F-11D3-BF4B-00C04F79EFBC}") = "H_12DRectangleArea", "H_2DRectangleArea\H_12DRectangleArea.csproj", "{F4BD9141-B7C7-402A-9A27-A8F63DC8CE06}"
EndProject
Project("{FAE04EC0-301F-11D3-BF4B-00C04F79EFBC}") = "H_2USD_BGN", "H_USD_BGN\H_2USD_BGN.csproj", "{FF04F768-7CEB-4518-BF33-E46E13247110}"
EndProject
Project("{FAE04EC0-301F-11D3-BF4B-00C04F79EFBC}") = "H_3Currency_Convertor", "H_3Currency_Convertor\H_3Currency_Convertor.csproj", "{4B429B1F-B8A3-4EDB-80F2-B2F53DA017A2}"
EndProject
Project("{FAE04EC0-301F-11D3-BF4B-00C04F79EFBC}") = "H_4Tailoring_Workshop", "H_4Tailoring_Workshop\H_4Tailoring_Workshop.csproj", "{A10508D3-E8EA-4CD5-8BCF-1F2CF32C83BE}"
EndProject
Project("{FAE04EC0-301F-11D3-BF4B-00C04F79EFBC}") = "H_5DanceHall", "H_5DanceHall\H_5DanceHall.csproj", "{E2C4DE20-2B6E-408D-A3EB-7937BA36EED1}"
EndProject
Project("{FAE04EC0-301F-11D3-BF4B-00C04F79EFBC}") = "H_6CharityCampaign", "H_6CharityCampaign\H_6CharityCampaign.csproj", "{FCBEF2EF-1F96-4A6F-AAC3-C0BB7F18060A}"
EndProject
Project("{FAE04EC0-301F-11D3-BF4B-00C04F79EFBC}") = "H_7AlcoholMarket", "H_7AlcoholMarket\H_7AlcoholMarket.csproj", "{8F5DF899-283C-46B5-B3CD-290480A5B605}"
EndProject
Project("{FAE04EC0-301F-11D3-BF4B-00C04F79EFBC}") = "SampleExam06", "ConsoleApp1\SampleExam06.csproj", "{B5B94111-1518-428A-AB6F-9B3263E444FF}"
EndProject
Project("{FAE04EC0-301F-11D3-BF4B-00C04F79EFBC}") = "SampleExam05", "Exam05\SampleExam05.csproj", "{B2F8E077-10C6-4F0B-8271-05695ABBAC16}"
EndProject
Project("{FAE04EC0-301F-11D3-BF4B-00C04F79EFBC}") = "SampleExam04", "Еьам06\SampleExam04.csproj", "{030D40E8-06E8-4484-9869-81DBD50A3972}"
EndProject
Project("{FAE04EC0-301F-11D3-BF4B-00C04F79EFBC}") = "SampleExam03", "Exam03\SampleExam03.csproj", "{91ECB8B3-DC79-44AB-B332-DFC71F1A5728}"
EndProject
Project("{FAE04EC0-301F-11D3-BF4B-00C04F79EFBC}") = "SampleExam06_1", "Exam06_1\SampleExam06_1.csproj", "{705B8E42-D4C4-49B6-B7C3-FBFD0941F74C}"
EndProject
Project("{FAE04EC0-301F-11D3-BF4B-00C04F79EFBC}") = "NestedLoops_01. Matrix", "NestedLoops_01. Matrix\NestedLoops_01. Matrix.csproj", "{7A1AF90F-EFB8-49DD-A5FC-E42A344009F5}"
EndProject
Project("{FAE04EC0-301F-11D3-BF4B-00C04F79EFBC}") = "EA1", "EA1\EA1.csproj", "{E3D42E1E-C5E8-4F82-99C3-F48B90121406}"
EndProject
Project("{FAE04EC0-301F-11D3-BF4B-00C04F79EFBC}") = "EA2", "EA2\EA2.csproj", "{AA26144E-AB43-4C62-BD9B-1DE04B8BB8DE}"
EndProject
Project("{FAE04EC0-301F-11D3-BF4B-00C04F79EFBC}") = "EA3", "EA3\EA3.csproj", "{7243B6E0-7BA8-440A-952B-41F49CF3E0DE}"
EndProject
Project("{FAE04EC0-301F-11D3-BF4B-00C04F79EFBC}") = "EA4", "EA4\EA4.csproj", "{484816B6-24E4-475D-B817-6DDA9ED3666E}"
EndProject
Project("{FAE04EC0-301F-11D3-BF4B-00C04F79EFBC}") = "EA5", "EA5\EA5.csproj", "{92BC2E26-6E99-48C5-A354-308B4FDE6AE4}"
EndProject
Project("{FAE04EC0-301F-11D3-BF4B-00C04F79EFBC}") = "EA6", "EA6\EA6.csproj", "{58156949-365A-4091-BD83-C4E179AAC613}"
EndProject
Project("{FAE04EC0-301F-11D3-BF4B-00C04F79EFBC}") = "EM1", "EM1\EM1.csproj", "{BDAE697E-A3A5-459C-96CC-D8B14700BE5A}"
EndProject
Project("{FAE04EC0-301F-11D3-BF4B-00C04F79EFBC}") = "EM2", "EM2\EM2.csproj", "{96F69518-54C5-4A45-A735-8DC48908D89B}"
EndProject
Project("{FAE04EC0-301F-11D3-BF4B-00C04F79EFBC}") = "EM3", "EM3\EM3.csproj", "{E4C1B1FD-47F5-4370-B276-427826154581}"
EndProject
Project("{FAE04EC0-301F-11D3-BF4B-00C04F79EFBC}") = "EM4", "EM4\EM4.csproj", "{C4BEDBA0-E964-44FD-A226-985325ACC5AA}"
EndProject
Project("{FAE04EC0-301F-11D3-BF4B-00C04F79EFBC}") = "EM5", "EM5\EM5.csproj", "{0E8446F6-B78F-4914-91FF-E5F80BABCD59}"
EndProject
Project("{FAE04EC0-301F-11D3-BF4B-00C04F79EFBC}") = "EM6", "EM6\EM6.csproj", "{35047171-1F75-4662-ACEE-3800E5ABB0CC}"
EndProject
Project("{FAE04EC0-301F-11D3-BF4B-00C04F79EFBC}") = "EM6_1", "EM6_1\EM6_1.csproj", "{F558D1FD-9856-46DA-857D-7997B36EB7EF}"
EndProject
Global
	GlobalSection(SolutionConfigurationPlatforms) = preSolution
		Debug|Any CPU = Debug|Any CPU
		Release|Any CPU = Release|Any CPU
	EndGlobalSection
	GlobalSection(ProjectConfigurationPlatforms) = postSolution
		{745B9B4E-885B-4B39-B4CA-538E5244872B}.Debug|Any CPU.ActiveCfg = Debug|Any CPU
		{745B9B4E-885B-4B39-B4CA-538E5244872B}.Debug|Any CPU.Build.0 = Debug|Any CPU
		{745B9B4E-885B-4B39-B4CA-538E5244872B}.Release|Any CPU.ActiveCfg = Release|Any CPU
		{745B9B4E-885B-4B39-B4CA-538E5244872B}.Release|Any CPU.Build.0 = Release|Any CPU
		{FE9227FC-620B-431A-B1CA-F4CAF85564CC}.Debug|Any CPU.ActiveCfg = Debug|Any CPU
		{FE9227FC-620B-431A-B1CA-F4CAF85564CC}.Debug|Any CPU.Build.0 = Debug|Any CPU
		{FE9227FC-620B-431A-B1CA-F4CAF85564CC}.Release|Any CPU.ActiveCfg = Release|Any CPU
		{FE9227FC-620B-431A-B1CA-F4CAF85564CC}.Release|Any CPU.Build.0 = Release|Any CPU
		{4B794D1D-94D3-43A3-BC0F-5A0CC5F54E0E}.Debug|Any CPU.ActiveCfg = Debug|Any CPU
		{4B794D1D-94D3-43A3-BC0F-5A0CC5F54E0E}.Debug|Any CPU.Build.0 = Debug|Any CPU
		{4B794D1D-94D3-43A3-BC0F-5A0CC5F54E0E}.Release|Any CPU.ActiveCfg = Release|Any CPU
		{4B794D1D-94D3-43A3-BC0F-5A0CC5F54E0E}.Release|Any CPU.Build.0 = Release|Any CPU
		{14593D94-E9FF-4B7F-AE50-05F5C6FE5964}.Debug|Any CPU.ActiveCfg = Debug|Any CPU
		{14593D94-E9FF-4B7F-AE50-05F5C6FE5964}.Debug|Any CPU.Build.0 = Debug|Any CPU
		{14593D94-E9FF-4B7F-AE50-05F5C6FE5964}.Release|Any CPU.ActiveCfg = Release|Any CPU
		{14593D94-E9FF-4B7F-AE50-05F5C6FE5964}.Release|Any CPU.Build.0 = Release|Any CPU
		{41452ABD-1442-4A01-9F8E-DDF4F6E35C92}.Debug|Any CPU.ActiveCfg = Debug|Any CPU
		{41452ABD-1442-4A01-9F8E-DDF4F6E35C92}.Debug|Any CPU.Build.0 = Debug|Any CPU
		{41452ABD-1442-4A01-9F8E-DDF4F6E35C92}.Release|Any CPU.ActiveCfg = Release|Any CPU
		{41452ABD-1442-4A01-9F8E-DDF4F6E35C92}.Release|Any CPU.Build.0 = Release|Any CPU
		{7BFEE9A4-AE81-43E6-BBBB-4F628B983B51}.Debug|Any CPU.ActiveCfg = Debug|Any CPU
		{7BFEE9A4-AE81-43E6-BBBB-4F628B983B51}.Debug|Any CPU.Build.0 = Debug|Any CPU
		{7BFEE9A4-AE81-43E6-BBBB-4F628B983B51}.Release|Any CPU.ActiveCfg = Release|Any CPU
		{7BFEE9A4-AE81-43E6-BBBB-4F628B983B51}.Release|Any CPU.Build.0 = Release|Any CPU
		{517B5310-8897-48C1-9F96-36BDC3839318}.Debug|Any CPU.ActiveCfg = Debug|Any CPU
		{517B5310-8897-48C1-9F96-36BDC3839318}.Debug|Any CPU.Build.0 = Debug|Any CPU
		{517B5310-8897-48C1-9F96-36BDC3839318}.Release|Any CPU.ActiveCfg = Release|Any CPU
		{517B5310-8897-48C1-9F96-36BDC3839318}.Release|Any CPU.Build.0 = Release|Any CPU
		{A784E7C1-05A9-45AC-85FF-C0415F3CC34A}.Debug|Any CPU.ActiveCfg = Debug|Any CPU
		{A784E7C1-05A9-45AC-85FF-C0415F3CC34A}.Debug|Any CPU.Build.0 = Debug|Any CPU
		{A784E7C1-05A9-45AC-85FF-C0415F3CC34A}.Release|Any CPU.ActiveCfg = Release|Any CPU
		{A784E7C1-05A9-45AC-85FF-C0415F3CC34A}.Release|Any CPU.Build.0 = Release|Any CPU
		{8F379672-15F2-4E84-BA7E-9C922924F14E}.Debug|Any CPU.ActiveCfg = Debug|Any CPU
		{8F379672-15F2-4E84-BA7E-9C922924F14E}.Debug|Any CPU.Build.0 = Debug|Any CPU
		{8F379672-15F2-4E84-BA7E-9C922924F14E}.Release|Any CPU.ActiveCfg = Release|Any CPU
		{8F379672-15F2-4E84-BA7E-9C922924F14E}.Release|Any CPU.Build.0 = Release|Any CPU
		{B878D691-3F09-4A76-AE07-7DB038EF07E7}.Debug|Any CPU.ActiveCfg = Debug|Any CPU
		{B878D691-3F09-4A76-AE07-7DB038EF07E7}.Debug|Any CPU.Build.0 = Debug|Any CPU
		{B878D691-3F09-4A76-AE07-7DB038EF07E7}.Release|Any CPU.ActiveCfg = Release|Any CPU
		{B878D691-3F09-4A76-AE07-7DB038EF07E7}.Release|Any CPU.Build.0 = Release|Any CPU
		{A0E75107-460F-4939-B52D-A7484CACB28C}.Debug|Any CPU.ActiveCfg = Debug|Any CPU
		{A0E75107-460F-4939-B52D-A7484CACB28C}.Debug|Any CPU.Build.0 = Debug|Any CPU
		{A0E75107-460F-4939-B52D-A7484CACB28C}.Release|Any CPU.ActiveCfg = Release|Any CPU
		{A0E75107-460F-4939-B52D-A7484CACB28C}.Release|Any CPU.Build.0 = Release|Any CPU
		{F4BD9141-B7C7-402A-9A27-A8F63DC8CE06}.Debug|Any CPU.ActiveCfg = Debug|Any CPU
		{F4BD9141-B7C7-402A-9A27-A8F63DC8CE06}.Debug|Any CPU.Build.0 = Debug|Any CPU
		{F4BD9141-B7C7-402A-9A27-A8F63DC8CE06}.Release|Any CPU.ActiveCfg = Release|Any CPU
		{F4BD9141-B7C7-402A-9A27-A8F63DC8CE06}.Release|Any CPU.Build.0 = Release|Any CPU
		{FF04F768-7CEB-4518-BF33-E46E13247110}.Debug|Any CPU.ActiveCfg = Debug|Any CPU
		{FF04F768-7CEB-4518-BF33-E46E13247110}.Debug|Any CPU.Build.0 = Debug|Any CPU
		{FF04F768-7CEB-4518-BF33-E46E13247110}.Release|Any CPU.ActiveCfg = Release|Any CPU
		{FF04F768-7CEB-4518-BF33-E46E13247110}.Release|Any CPU.Build.0 = Release|Any CPU
		{4B429B1F-B8A3-4EDB-80F2-B2F53DA017A2}.Debug|Any CPU.ActiveCfg = Debug|Any CPU
		{4B429B1F-B8A3-4EDB-80F2-B2F53DA017A2}.Debug|Any CPU.Build.0 = Debug|Any CPU
		{4B429B1F-B8A3-4EDB-80F2-B2F53DA017A2}.Release|Any CPU.ActiveCfg = Release|Any CPU
		{4B429B1F-B8A3-4EDB-80F2-B2F53DA017A2}.Release|Any CPU.Build.0 = Release|Any CPU
		{A10508D3-E8EA-4CD5-8BCF-1F2CF32C83BE}.Debug|Any CPU.ActiveCfg = Debug|Any CPU
		{A10508D3-E8EA-4CD5-8BCF-1F2CF32C83BE}.Debug|Any CPU.Build.0 = Debug|Any CPU
		{A10508D3-E8EA-4CD5-8BCF-1F2CF32C83BE}.Release|Any CPU.ActiveCfg = Release|Any CPU
		{A10508D3-E8EA-4CD5-8BCF-1F2CF32C83BE}.Release|Any CPU.Build.0 = Release|Any CPU
		{E2C4DE20-2B6E-408D-A3EB-7937BA36EED1}.Debug|Any CPU.ActiveCfg = Debug|Any CPU
		{E2C4DE20-2B6E-408D-A3EB-7937BA36EED1}.Debug|Any CPU.Build.0 = Debug|Any CPU
		{E2C4DE20-2B6E-408D-A3EB-7937BA36EED1}.Release|Any CPU.ActiveCfg = Release|Any CPU
		{E2C4DE20-2B6E-408D-A3EB-7937BA36EED1}.Release|Any CPU.Build.0 = Release|Any CPU
		{FCBEF2EF-1F96-4A6F-AAC3-C0BB7F18060A}.Debug|Any CPU.ActiveCfg = Debug|Any CPU
		{FCBEF2EF-1F96-4A6F-AAC3-C0BB7F18060A}.Debug|Any CPU.Build.0 = Debug|Any CPU
		{FCBEF2EF-1F96-4A6F-AAC3-C0BB7F18060A}.Release|Any CPU.ActiveCfg = Release|Any CPU
		{FCBEF2EF-1F96-4A6F-AAC3-C0BB7F18060A}.Release|Any CPU.Build.0 = Release|Any CPU
		{8F5DF899-283C-46B5-B3CD-290480A5B605}.Debug|Any CPU.ActiveCfg = Debug|Any CPU
		{8F5DF899-283C-46B5-B3CD-290480A5B605}.Debug|Any CPU.Build.0 = Debug|Any CPU
		{8F5DF899-283C-46B5-B3CD-290480A5B605}.Release|Any CPU.ActiveCfg = Release|Any CPU
		{8F5DF899-283C-46B5-B3CD-290480A5B605}.Release|Any CPU.Build.0 = Release|Any CPU
		{B5B94111-1518-428A-AB6F-9B3263E444FF}.Debug|Any CPU.ActiveCfg = Debug|Any CPU
		{B5B94111-1518-428A-AB6F-9B3263E444FF}.Debug|Any CPU.Build.0 = Debug|Any CPU
		{B5B94111-1518-428A-AB6F-9B3263E444FF}.Release|Any CPU.ActiveCfg = Release|Any CPU
		{B5B94111-1518-428A-AB6F-9B3263E444FF}.Release|Any CPU.Build.0 = Release|Any CPU
		{B2F8E077-10C6-4F0B-8271-05695ABBAC16}.Debug|Any CPU.ActiveCfg = Debug|Any CPU
		{B2F8E077-10C6-4F0B-8271-05695ABBAC16}.Debug|Any CPU.Build.0 = Debug|Any CPU
		{B2F8E077-10C6-4F0B-8271-05695ABBAC16}.Release|Any CPU.ActiveCfg = Release|Any CPU
		{B2F8E077-10C6-4F0B-8271-05695ABBAC16}.Release|Any CPU.Build.0 = Release|Any CPU
		{030D40E8-06E8-4484-9869-81DBD50A3972}.Debug|Any CPU.ActiveCfg = Debug|Any CPU
		{030D40E8-06E8-4484-9869-81DBD50A3972}.Debug|Any CPU.Build.0 = Debug|Any CPU
		{030D40E8-06E8-4484-9869-81DBD50A3972}.Release|Any CPU.ActiveCfg = Release|Any CPU
		{030D40E8-06E8-4484-9869-81DBD50A3972}.Release|Any CPU.Build.0 = Release|Any CPU
		{91ECB8B3-DC79-44AB-B332-DFC71F1A5728}.Debug|Any CPU.ActiveCfg = Debug|Any CPU
		{91ECB8B3-DC79-44AB-B332-DFC71F1A5728}.Debug|Any CPU.Build.0 = Debug|Any CPU
		{91ECB8B3-DC79-44AB-B332-DFC71F1A5728}.Release|Any CPU.ActiveCfg = Release|Any CPU
		{91ECB8B3-DC79-44AB-B332-DFC71F1A5728}.Release|Any CPU.Build.0 = Release|Any CPU
		{705B8E42-D4C4-49B6-B7C3-FBFD0941F74C}.Debug|Any CPU.ActiveCfg = Debug|Any CPU
		{705B8E42-D4C4-49B6-B7C3-FBFD0941F74C}.Debug|Any CPU.Build.0 = Debug|Any CPU
		{705B8E42-D4C4-49B6-B7C3-FBFD0941F74C}.Release|Any CPU.ActiveCfg = Release|Any CPU
		{705B8E42-D4C4-49B6-B7C3-FBFD0941F74C}.Release|Any CPU.Build.0 = Release|Any CPU
		{7A1AF90F-EFB8-49DD-A5FC-E42A344009F5}.Debug|Any CPU.ActiveCfg = Debug|Any CPU
		{7A1AF90F-EFB8-49DD-A5FC-E42A344009F5}.Debug|Any CPU.Build.0 = Debug|Any CPU
		{7A1AF90F-EFB8-49DD-A5FC-E42A344009F5}.Release|Any CPU.ActiveCfg = Release|Any CPU
		{7A1AF90F-EFB8-49DD-A5FC-E42A344009F5}.Release|Any CPU.Build.0 = Release|Any CPU
		{E3D42E1E-C5E8-4F82-99C3-F48B90121406}.Debug|Any CPU.ActiveCfg = Debug|Any CPU
		{E3D42E1E-C5E8-4F82-99C3-F48B90121406}.Debug|Any CPU.Build.0 = Debug|Any CPU
		{E3D42E1E-C5E8-4F82-99C3-F48B90121406}.Release|Any CPU.ActiveCfg = Release|Any CPU
		{E3D42E1E-C5E8-4F82-99C3-F48B90121406}.Release|Any CPU.Build.0 = Release|Any CPU
		{AA26144E-AB43-4C62-BD9B-1DE04B8BB8DE}.Debug|Any CPU.ActiveCfg = Debug|Any CPU
		{AA26144E-AB43-4C62-BD9B-1DE04B8BB8DE}.Debug|Any CPU.Build.0 = Debug|Any CPU
		{AA26144E-AB43-4C62-BD9B-1DE04B8BB8DE}.Release|Any CPU.ActiveCfg = Release|Any CPU
		{AA26144E-AB43-4C62-BD9B-1DE04B8BB8DE}.Release|Any CPU.Build.0 = Release|Any CPU
		{7243B6E0-7BA8-440A-952B-41F49CF3E0DE}.Debug|Any CPU.ActiveCfg = Debug|Any CPU
		{7243B6E0-7BA8-440A-952B-41F49CF3E0DE}.Debug|Any CPU.Build.0 = Debug|Any CPU
		{7243B6E0-7BA8-440A-952B-41F49CF3E0DE}.Release|Any CPU.ActiveCfg = Release|Any CPU
		{7243B6E0-7BA8-440A-952B-41F49CF3E0DE}.Release|Any CPU.Build.0 = Release|Any CPU
		{484816B6-24E4-475D-B817-6DDA9ED3666E}.Debug|Any CPU.ActiveCfg = Debug|Any CPU
		{484816B6-24E4-475D-B817-6DDA9ED3666E}.Debug|Any CPU.Build.0 = Debug|Any CPU
		{484816B6-24E4-475D-B817-6DDA9ED3666E}.Release|Any CPU.ActiveCfg = Release|Any CPU
		{484816B6-24E4-475D-B817-6DDA9ED3666E}.Release|Any CPU.Build.0 = Release|Any CPU
		{92BC2E26-6E99-48C5-A354-308B4FDE6AE4}.Debug|Any CPU.ActiveCfg = Debug|Any CPU
		{92BC2E26-6E99-48C5-A354-308B4FDE6AE4}.Debug|Any CPU.Build.0 = Debug|Any CPU
		{92BC2E26-6E99-48C5-A354-308B4FDE6AE4}.Release|Any CPU.ActiveCfg = Release|Any CPU
		{92BC2E26-6E99-48C5-A354-308B4FDE6AE4}.Release|Any CPU.Build.0 = Release|Any CPU
		{58156949-365A-4091-BD83-C4E179AAC613}.Debug|Any CPU.ActiveCfg = Debug|Any CPU
		{58156949-365A-4091-BD83-C4E179AAC613}.Debug|Any CPU.Build.0 = Debug|Any CPU
		{58156949-365A-4091-BD83-C4E179AAC613}.Release|Any CPU.ActiveCfg = Release|Any CPU
		{58156949-365A-4091-BD83-C4E179AAC613}.Release|Any CPU.Build.0 = Release|Any CPU
		{BDAE697E-A3A5-459C-96CC-D8B14700BE5A}.Debug|Any CPU.ActiveCfg = Debug|Any CPU
		{BDAE697E-A3A5-459C-96CC-D8B14700BE5A}.Debug|Any CPU.Build.0 = Debug|Any CPU
		{BDAE697E-A3A5-459C-96CC-D8B14700BE5A}.Release|Any CPU.ActiveCfg = Release|Any CPU
		{BDAE697E-A3A5-459C-96CC-D8B14700BE5A}.Release|Any CPU.Build.0 = Release|Any CPU
		{96F69518-54C5-4A45-A735-8DC48908D89B}.Debug|Any CPU.ActiveCfg = Debug|Any CPU
		{96F69518-54C5-4A45-A735-8DC48908D89B}.Debug|Any CPU.Build.0 = Debug|Any CPU
		{96F69518-54C5-4A45-A735-8DC48908D89B}.Release|Any CPU.ActiveCfg = Release|Any CPU
		{96F69518-54C5-4A45-A735-8DC48908D89B}.Release|Any CPU.Build.0 = Release|Any CPU
		{E4C1B1FD-47F5-4370-B276-427826154581}.Debug|Any CPU.ActiveCfg = Debug|Any CPU
		{E4C1B1FD-47F5-4370-B276-427826154581}.Debug|Any CPU.Build.0 = Debug|Any CPU
		{E4C1B1FD-47F5-4370-B276-427826154581}.Release|Any CPU.ActiveCfg = Release|Any CPU
		{E4C1B1FD-47F5-4370-B276-427826154581}.Release|Any CPU.Build.0 = Release|Any CPU
		{C4BEDBA0-E964-44FD-A226-985325ACC5AA}.Debug|Any CPU.ActiveCfg = Debug|Any CPU
		{C4BEDBA0-E964-44FD-A226-985325ACC5AA}.Debug|Any CPU.Build.0 = Debug|Any CPU
		{C4BEDBA0-E964-44FD-A226-985325ACC5AA}.Release|Any CPU.ActiveCfg = Release|Any CPU
		{C4BEDBA0-E964-44FD-A226-985325ACC5AA}.Release|Any CPU.Build.0 = Release|Any CPU
		{0E8446F6-B78F-4914-91FF-E5F80BABCD59}.Debug|Any CPU.ActiveCfg = Debug|Any CPU
		{0E8446F6-B78F-4914-91FF-E5F80BABCD59}.Debug|Any CPU.Build.0 = Debug|Any CPU
		{0E8446F6-B78F-4914-91FF-E5F80BABCD59}.Release|Any CPU.ActiveCfg = Release|Any CPU
		{0E8446F6-B78F-4914-91FF-E5F80BABCD59}.Release|Any CPU.Build.0 = Release|Any CPU
		{35047171-1F75-4662-ACEE-3800E5ABB0CC}.Debug|Any CPU.ActiveCfg = Debug|Any CPU
		{35047171-1F75-4662-ACEE-3800E5ABB0CC}.Debug|Any CPU.Build.0 = Debug|Any CPU
		{35047171-1F75-4662-ACEE-3800E5ABB0CC}.Release|Any CPU.ActiveCfg = Release|Any CPU
		{35047171-1F75-4662-ACEE-3800E5ABB0CC}.Release|Any CPU.Build.0 = Release|Any CPU
		{F558D1FD-9856-46DA-857D-7997B36EB7EF}.Debug|Any CPU.ActiveCfg = Debug|Any CPU
		{F558D1FD-9856-46DA-857D-7997B36EB7EF}.Debug|Any CPU.Build.0 = Debug|Any CPU
		{F558D1FD-9856-46DA-857D-7997B36EB7EF}.Release|Any CPU.ActiveCfg = Release|Any CPU
		{F558D1FD-9856-46DA-857D-7997B36EB7EF}.Release|Any CPU.Build.0 = Release|Any CPU
	EndGlobalSection
	GlobalSection(SolutionProperties) = preSolution
		HideSolutionNode = FALSE
	EndGlobalSection
	GlobalSection(ExtensibilityGlobals) = postSolution
		SolutionGuid = {8E72727A-9F44-4F88-9483-8BBF5AC535B0}
	EndGlobalSection
EndGlobal
